<?xml version="1.0" encoding="utf-8"?>
<Project ToolsVersion="4.0" xmlns="http://schemas.microsoft.com/developer/msbuild/2003">
  <ItemGroup>
    <Filter Include="ソース ファイル">
      <UniqueIdentifier>{4FC737F1-C7A5-4376-A066-2A32D752A2FF}</UniqueIdentifier>
      <Extensions>cpp;c;cc;cxx;c++;cppm;ixx;def;odl;idl;hpj;bat;asm;asmx</Extensions>
    </Filter>
    <Filter Include="リソース ファイル">
      <UniqueIdentifier>{67DA6AB6-F800-4c08-8B7A-83BB121AAD01}</UniqueIdentifier>
      <Extensions>rc;ico;cur;bmp;dlg;rc2;rct;bin;rgs;gif;jpg;jpeg;jpe;resx;tiff;tif;png;wav;mfcribbon-ms</Extensions>
    </Filter>
    <Filter Include="ソース ファイル\SHADER">
      <UniqueIdentifier>{cef85799-ec23-4783-94d6-57bb45b17e29}</UniqueIdentifier>
    </Filter>
    <Filter Include="ソース ファイル\DirectXETC">
      <UniqueIdentifier>{d25b14c0-4636-4fde-af47-3f9f0ed444ac}</UniqueIdentifier>
    </Filter>
    <Filter Include="ソース ファイル\OBJECTS">
      <UniqueIdentifier>{cf36146b-8ac4-4512-839d-6c9ea9bfa216}</UniqueIdentifier>
    </Filter>
  </ItemGroup>
  <ItemGroup>
    <ClCompile Include="WinMain.cpp">
      <Filter>ソース ファイル</Filter>
    </ClCompile>
    <ClCompile Include="Camera.cpp">
      <Filter>ソース ファイル\DirectXETC</Filter>
    </ClCompile>
    <ClCompile Include="Direct3D.cpp">
      <Filter>ソース ファイル\DirectXETC</Filter>
    </ClCompile>
    <ClCompile Include="Sprite.cpp">
      <Filter>ソース ファイル\DirectXETC</Filter>
    </ClCompile>
    <ClCompile Include="Texture.cpp">
      <Filter>ソース ファイル\DirectXETC</Filter>
    </ClCompile>
    <ClCompile Include="Dice.cpp">
      <Filter>ソース ファイル\OBJECTS</Filter>
    </ClCompile>
    <ClCompile Include="Quad.cpp">
      <Filter>ソース ファイル\OBJECTS</Filter>
    </ClCompile>
    <ClCompile Include="Transform.cpp">
      <Filter>ソース ファイル</Filter>
    </ClCompile>
    <ClCompile Include="FBX.cpp">
      <Filter>ソース ファイル</Filter>
    </ClCompile>
  </ItemGroup>
  <ItemGroup>
    <ClInclude Include="Camera.h">
      <Filter>ソース ファイル\DirectXETC</Filter>
    </ClInclude>
    <ClInclude Include="Direct3D.h">
      <Filter>ソース ファイル\DirectXETC</Filter>
    </ClInclude>
    <ClInclude Include="Sprite.h">
      <Filter>ソース ファイル\DirectXETC</Filter>
    </ClInclude>
    <ClInclude Include="Texture.h">
      <Filter>ソース ファイル\DirectXETC</Filter>
    </ClInclude>
    <ClInclude Include="Dice.h">
      <Filter>ソース ファイル\OBJECTS</Filter>
    </ClInclude>
    <ClInclude Include="Quad.h">
      <Filter>ソース ファイル\OBJECTS</Filter>
    </ClInclude>
    <ClInclude Include="Transform.h">
      <Filter>ソース ファイル</Filter>
    </ClInclude>
    <ClInclude Include="FBX.h">
      <Filter>ソース ファイル</Filter>
    </ClInclude>
  </ItemGroup>
  <ItemGroup>
    <FxCompile Include="Simple2D.hlsl">
      <Filter>ソース ファイル\SHADER</Filter>
    </FxCompile>
    <FxCompile Include="simple3D.hlsl">
      <Filter>ソース ファイル\SHADER</Filter>
    </FxCompile>
  </ItemGroup>
  <ItemGroup>
    <None Include="packages.config" />
  </ItemGroup>
</Project>